
Microsoft Visual Studio Solution File, Format Version 12.00
# Visual Studio 2013
VisualStudioVersion = 12.0.31101.0
MinimumVisualStudioVersion = 10.0.40219.1
Project("{F2A71F9B-5D33-465A-A702-920D77279786}") = "ActuarialMathematics.WebApi", "ActuarialMathematics.WebApi\ActuarialMathematics.WebApi.fsproj", "{E5742B4E-C598-49C3-B281-7F69BE35840C}"
EndProject
Project("{FAE04EC0-301F-11D3-BF4B-00C04F79EFBC}") = "ActuarialMathematics.WebUI", "ActuarialMathematics.WebUI\ActuarialMathematics.WebUI.csproj", "{8BC946F7-55C0-4A33-96FA-E8A378B288C0}"
EndProject
Project("{FAE04EC0-301F-11D3-BF4B-00C04F79EFBC}") = "ActuarialMathematics.WebUI.Tests", "ActuarialMathematics.WebUI.Tests\ActuarialMathematics.WebUI.Tests.csproj", "{669AC443-4A9F-44C0-81D2-AFB61F407570}"
EndProject
Global
	GlobalSection(SolutionConfigurationPlatforms) = preSolution
		Debug|Any CPU = Debug|Any CPU
		Release|Any CPU = Release|Any CPU
	EndGlobalSection
	GlobalSection(ProjectConfigurationPlatforms) = postSolution
		{E5742B4E-C598-49C3-B281-7F69BE35840C}.Debug|Any CPU.ActiveCfg = Debug|Any CPU
		{E5742B4E-C598-49C3-B281-7F69BE35840C}.Debug|Any CPU.Build.0 = Debug|Any CPU
		{E5742B4E-C598-49C3-B281-7F69BE35840C}.Release|Any CPU.ActiveCfg = Release|Any CPU
		{E5742B4E-C598-49C3-B281-7F69BE35840C}.Release|Any CPU.Build.0 = Release|Any CPU
		{8BC946F7-55C0-4A33-96FA-E8A378B288C0}.Debug|Any CPU.ActiveCfg = Debug|Any CPU
		{8BC946F7-55C0-4A33-96FA-E8A378B288C0}.Debug|Any CPU.Build.0 = Debug|Any CPU
		{8BC946F7-55C0-4A33-96FA-E8A378B288C0}.Release|Any CPU.ActiveCfg = Release|Any CPU
		{8BC946F7-55C0-4A33-96FA-E8A378B288C0}.Release|Any CPU.Build.0 = Release|Any CPU
		{669AC443-4A9F-44C0-81D2-AFB61F407570}.Debug|Any CPU.ActiveCfg = Debug|Any CPU
		{669AC443-4A9F-44C0-81D2-AFB61F407570}.Debug|Any CPU.Build.0 = Debug|Any CPU
		{669AC443-4A9F-44C0-81D2-AFB61F407570}.Release|Any CPU.ActiveCfg = Release|Any CPU
		{669AC443-4A9F-44C0-81D2-AFB61F407570}.Release|Any CPU.Build.0 = Release|Any CPU
	EndGlobalSection
	GlobalSection(SolutionProperties) = preSolution
		HideSolutionNode = FALSE
	EndGlobalSection
EndGlobal
